
Microsoft Visual Studio Solution File, Format Version 12.00
# Visual Studio Version 17
VisualStudioVersion = 17.11.35431.28
MinimumVisualStudioVersion = 10.0.40219.1
Project("{FAE04EC0-301F-11D3-BF4B-00C04F79EFBC}") = "eCommerce.SharedLibrary", "eCommerce.SharedLibrarySolution\eCommerce.SharedLibrary.csproj", "{C8EB5F00-14DA-481C-A36F-E21A56CA90CF}"
EndProject
Global
	GlobalSection(SolutionConfigurationPlatforms) = preSolution
		Debug|Any CPU = Debug|Any CPU
		Release|Any CPU = Release|Any CPU
	EndGlobalSection
	GlobalSection(ProjectConfigurationPlatforms) = postSolution
		{C8EB5F00-14DA-481C-A36F-E21A56CA90CF}.Debug|Any CPU.ActiveCfg = Debug|Any CPU
		{C8EB5F00-14DA-481C-A36F-E21A56CA90CF}.Debug|Any CPU.Build.0 = Debug|Any CPU
		{C8EB5F00-14DA-481C-A36F-E21A56CA90CF}.Release|Any CPU.ActiveCfg = Release|Any CPU
		{C8EB5F00-14DA-481C-A36F-E21A56CA90CF}.Release|Any CPU.Build.0 = Release|Any CPU
	EndGlobalSection
	GlobalSection(SolutionProperties) = preSolution
		HideSolutionNode = FALSE
	EndGlobalSection
	GlobalSection(ExtensibilityGlobals) = postSolution
		SolutionGuid = {1F652C45-A579-4E07-A991-0C985F30511A}
	EndGlobalSection
EndGlobal
